
Microsoft Visual Studio Solution File, Format Version 12.00
# Visual Studio Version 17
VisualStudioVersion = 17.0.31903.59
MinimumVisualStudioVersion = 10.0.40219.1
Project("{FAE04EC0-301F-11D3-BF4B-00C04F79EFBC}") = "TaskManager.API", "TaskManager.API\TaskManager.API.csproj", "{A79F1719-F3BB-4176-8A08-6C50AE6C0BF4}"
EndProject
Project("{FAE04EC0-301F-11D3-BF4B-00C04F79EFBC}") = "TaskManager.Tests", "TaskManager.Tests\TaskManager.Tests.csproj", "{CE15C593-4D23-49FD-932B-4D717BCC482C}"
EndProject
Global
	GlobalSection(SolutionConfigurationPlatforms) = preSolution
		Debug|Any CPU = Debug|Any CPU
		Debug|x64 = Debug|x64
		Debug|x86 = Debug|x86
		Release|Any CPU = Release|Any CPU
		Release|x64 = Release|x64
		Release|x86 = Release|x86
	EndGlobalSection
	GlobalSection(ProjectConfigurationPlatforms) = postSolution
		{A79F1719-F3BB-4176-8A08-6C50AE6C0BF4}.Debug|Any CPU.ActiveCfg = Debug|Any CPU
		{A79F1719-F3BB-4176-8A08-6C50AE6C0BF4}.Debug|Any CPU.Build.0 = Debug|Any CPU
		{A79F1719-F3BB-4176-8A08-6C50AE6C0BF4}.Debug|x64.ActiveCfg = Debug|Any CPU
		{A79F1719-F3BB-4176-8A08-6C50AE6C0BF4}.Debug|x64.Build.0 = Debug|Any CPU
		{A79F1719-F3BB-4176-8A08-6C50AE6C0BF4}.Debug|x86.ActiveCfg = Debug|Any CPU
		{A79F1719-F3BB-4176-8A08-6C50AE6C0BF4}.Debug|x86.Build.0 = Debug|Any CPU
		{A79F1719-F3BB-4176-8A08-6C50AE6C0BF4}.Release|Any CPU.ActiveCfg = Release|Any CPU
		{A79F1719-F3BB-4176-8A08-6C50AE6C0BF4}.Release|Any CPU.Build.0 = Release|Any CPU
		{A79F1719-F3BB-4176-8A08-6C50AE6C0BF4}.Release|x64.ActiveCfg = Release|Any CPU
		{A79F1719-F3BB-4176-8A08-6C50AE6C0BF4}.Release|x64.Build.0 = Release|Any CPU
		{A79F1719-F3BB-4176-8A08-6C50AE6C0BF4}.Release|x86.ActiveCfg = Release|Any CPU
		{A79F1719-F3BB-4176-8A08-6C50AE6C0BF4}.Release|x86.Build.0 = Release|Any CPU
		{CE15C593-4D23-49FD-932B-4D717BCC482C}.Debug|Any CPU.ActiveCfg = Debug|Any CPU
		{CE15C593-4D23-49FD-932B-4D717BCC482C}.Debug|Any CPU.Build.0 = Debug|Any CPU
		{CE15C593-4D23-49FD-932B-4D717BCC482C}.Debug|x64.ActiveCfg = Debug|Any CPU
		{CE15C593-4D23-49FD-932B-4D717BCC482C}.Debug|x64.Build.0 = Debug|Any CPU
		{CE15C593-4D23-49FD-932B-4D717BCC482C}.Debug|x86.ActiveCfg = Debug|Any CPU
		{CE15C593-4D23-49FD-932B-4D717BCC482C}.Debug|x86.Build.0 = Debug|Any CPU
		{CE15C593-4D23-49FD-932B-4D717BCC482C}.Release|Any CPU.ActiveCfg = Release|Any CPU
		{CE15C593-4D23-49FD-932B-4D717BCC482C}.Release|Any CPU.Build.0 = Release|Any CPU
		{CE15C593-4D23-49FD-932B-4D717BCC482C}.Release|x64.ActiveCfg = Release|Any CPU
		{CE15C593-4D23-49FD-932B-4D717BCC482C}.Release|x64.Build.0 = Release|Any CPU
		{CE15C593-4D23-49FD-932B-4D717BCC482C}.Release|x86.ActiveCfg = Release|Any CPU
		{CE15C593-4D23-49FD-932B-4D717BCC482C}.Release|x86.Build.0 = Release|Any CPU
	EndGlobalSection
	GlobalSection(SolutionProperties) = preSolution
		HideSolutionNode = FALSE
	EndGlobalSection
EndGlobal
